
Microsoft Visual Studio Solution File, Format Version 12.00 
# Visual Studio 2012
Project("{FAE04EC0-301F-11D3-BF4B-00C04F79EFBC}") = "JABBERNAUT", "JABBERNAUT.csproj", "{CDFA2F59-EB82-4EE6-90A3-EA26B3B35048}"
EndProject
Global
	GlobalSection(SolutionConfigurationPlatforms) = preSolution
		Debug|Any CPU = Debug|Any CPU
		Release|Any CPU = Release|Any CPU
	EndGlobalSection
	GlobalSection(ProjectConfigurationPlatforms) = postSolution
		{CDFA2F59-EB82-4EE6-90A3-EA26B3B35048}.Debug|Any CPU.ActiveCfg = Debug|Any CPU
		{CDFA2F59-EB82-4EE6-90A3-EA26B3B35048}.Debug|Any CPU.Build.0 = Debug|Any CPU
		{CDFA2F59-EB82-4EE6-90A3-EA26B3B35048}.Release|Any CPU.ActiveCfg = Release|Any CPU
		{CDFA2F59-EB82-4EE6-90A3-EA26B3B35048}.Release|Any CPU.Build.0 = Release|Any CPU
	EndGlobalSection
	GlobalSection(SolutionProperties) = preSolution
		HideSolutionNode = FALSE
	EndGlobalSection
EndGlobal
